
Microsoft Visual Studio Solution File, Format Version 12.00
# Visual Studio Version 17
VisualStudioVersion = 17.8.34316.72
MinimumVisualStudioVersion = 10.0.40219.1
Project("{9A19103F-16F7-4668-BE54-9A1E7A4F7556}") = "AdventOfCode.Problems", "AdventOfCode.Problems\AdventOfCode.Problems.csproj", "{486AC4E3-E74B-43C8-A7F1-D785FF2802C5}"
EndProject
Global
	GlobalSection(SolutionConfigurationPlatforms) = preSolution
		Debug|Any CPU = Debug|Any CPU
		Release|Any CPU = Release|Any CPU
	EndGlobalSection
	GlobalSection(ProjectConfigurationPlatforms) = postSolution
		{486AC4E3-E74B-43C8-A7F1-D785FF2802C5}.Debug|Any CPU.ActiveCfg = Debug|Any CPU
		{486AC4E3-E74B-43C8-A7F1-D785FF2802C5}.Debug|Any CPU.Build.0 = Debug|Any CPU
		{486AC4E3-E74B-43C8-A7F1-D785FF2802C5}.Release|Any CPU.ActiveCfg = Release|Any CPU
		{486AC4E3-E74B-43C8-A7F1-D785FF2802C5}.Release|Any CPU.Build.0 = Release|Any CPU
	EndGlobalSection
	GlobalSection(SolutionProperties) = preSolution
		HideSolutionNode = FALSE
	EndGlobalSection
	GlobalSection(ExtensibilityGlobals) = postSolution
		SolutionGuid = {DBDBF7B2-D080-4495-ACD1-1ED302E243B6}
	EndGlobalSection
EndGlobal
